
Microsoft Visual Studio Solution File, Format Version 12.00
# Visual Studio 15
VisualStudioVersion = 15.0.28307.421
MinimumVisualStudioVersion = 10.0.40219.1
Project("{8BC9CEB8-8B4A-11D0-8D11-00A0C91BC942}") = "Project30", "Project30\Project30.vcxproj", "{FF639735-CF19-4497-A47A-98535911E975}"
EndProject
Global
	GlobalSection(SolutionConfigurationPlatforms) = preSolution
		Debug|x64 = Debug|x64
		Debug|x86 = Debug|x86
		Release|x64 = Release|x64
		Release|x86 = Release|x86
	EndGlobalSection
	GlobalSection(ProjectConfigurationPlatforms) = postSolution
		{FF639735-CF19-4497-A47A-98535911E975}.Debug|x64.ActiveCfg = Debug|x64
		{FF639735-CF19-4497-A47A-98535911E975}.Debug|x64.Build.0 = Debug|x64
		{FF639735-CF19-4497-A47A-98535911E975}.Debug|x86.ActiveCfg = Debug|Win32
		{FF639735-CF19-4497-A47A-98535911E975}.Debug|x86.Build.0 = Debug|Win32
		{FF639735-CF19-4497-A47A-98535911E975}.Release|x64.ActiveCfg = Release|x64
		{FF639735-CF19-4497-A47A-98535911E975}.Release|x64.Build.0 = Release|x64
		{FF639735-CF19-4497-A47A-98535911E975}.Release|x86.ActiveCfg = Release|Win32
		{FF639735-CF19-4497-A47A-98535911E975}.Release|x86.Build.0 = Release|Win32
	EndGlobalSection
	GlobalSection(SolutionProperties) = preSolution
		HideSolutionNode = FALSE
	EndGlobalSection
	GlobalSection(ExtensibilityGlobals) = postSolution
		SolutionGuid = {F9123A8E-F0E7-4BCF-9313-FEB6ED763862}
	EndGlobalSection
EndGlobal
